
Microsoft Visual Studio Solution File, Format Version 12.00
# Visual Studio Version 16
VisualStudioVersion = 16.6.30114.105
MinimumVisualStudioVersion = 10.0.40219.1
Project("{6EC3EE1D-3C4E-46DD-8F32-0CC8E7565705}") = "WordValues.Azure", "WordValues.Azure\WordValues.Azure.fsproj", "{0D4C8C26-1E5A-4785-8053-FB479D0027E6}"
EndProject
Project("{6EC3EE1D-3C4E-46DD-8F32-0CC8E7565705}") = "WordValues.Azure.Tests", "WordValues.Azure.Tests\WordValues.Azure.Tests.fsproj", "{691B604A-F5E6-41A2-B13B-F2CD5463CF7E}"
EndProject
Project("{6EC3EE1D-3C4E-46DD-8F32-0CC8E7565705}") = "WordValues", "WordValues\WordValues.fsproj", "{D7ADA403-74DF-425E-9108-83BEF8539779}"
EndProject
Project("{6EC3EE1D-3C4E-46DD-8F32-0CC8E7565705}") = "WordValues.Tests", "WordValues.Tests\WordValues.Tests.fsproj", "{3443F634-B556-4948-8507-D64557811D08}"
EndProject
Project("{6EC3EE1D-3C4E-46DD-8F32-0CC8E7565705}") = "Deployment.Tests", "Deployment.Tests\Deployment.Tests.fsproj", "{26F46E8F-0D69-4A1B-85A4-64BCB56B649D}"
EndProject
Project("{6EC3EE1D-3C4E-46DD-8F32-0CC8E7565705}") = "WordValues.Aws", "WordValues.Aws\WordValues.Aws.fsproj", "{A7A1FDB0-020A-44FA-8203-2281506F70CC}"
EndProject
Project("{6EC3EE1D-3C4E-46DD-8F32-0CC8E7565705}") = "WordValues.Aws.Tests", "WordValues.Aws.Tests\WordValues.Aws.Tests.fsproj", "{5EBAE841-F1B2-48D8-8804-544D7B0E78F6}"
EndProject
Project("{2150E333-8FDC-42A3-9474-1A3956D46DE8}") = "Documentation", "Documentation", "{FF70A0EE-9602-4332-A983-FF94D03414A7}"
	ProjectSection(SolutionItems) = preProject
		01 Getting Started.md = 01 Getting Started.md
		02 Creating an Azure Function.md = 02 Creating an Azure Function.md
		03 Automated Tests.md = 03 Automated Tests.md
		04 Using Paket.md = 04 Using Paket.md
		05 Visual Studio Solution.md = 05 Visual Studio Solution.md
		06 Deploy to Azure.md = 06 Deploy to Azure.md
		07 Test Deployed Azure Function.md = 07 Test Deployed Azure Function.md
		08 Make the function do something.md = 08 Make the function do something.md
		09 First Tidy-up.md = 09 First Tidy-up.md
		10 Build with Fake.md = 10 Build with Fake.md
		11 Create an AWS Lambda.md = 11 Create an AWS Lambda.md
		12 Configure the AWS account.md = 12 Configure the AWS account.md
		13 Deploy Lambda to Aws.md = 13 Deploy Lambda to Aws.md
		14 Search CloudTrail logs.md = 14 Search CloudTrail logs.md
		15 Azure Javascipt Function.md = 15 Azure Javascipt Function.md
		16 AWS Javascript Lambda.md = 16 AWS Javascript Lambda.md
		17 Second Tidy-up.md = 17 Second Tidy-up.md
		18 Store Pulumi stack info in cloud storage.md = 18 Store Pulumi stack info in cloud storage.md
	EndProjectSection
EndProject
Project("{2150E333-8FDC-42A3-9474-1A3956D46DE8}") = "Solution Items", "Solution Items", "{AFF34F9C-C317-453C-9F0F-EBF2930C1963}"
	ProjectSection(SolutionItems) = preProject
		.gitignore = .gitignore
		build.fsx = build.fsx
		paket.dependencies = paket.dependencies
		paket.lock = paket.lock
	EndProjectSection
EndProject
Project("{6EC3EE1D-3C4E-46DD-8F32-0CC8E7565705}") = "Deployment.Aws", "Deployment.Aws\Deployment.Aws.fsproj", "{5BE712B1-F56C-492C-B6BB-CB8E74C84057}"
EndProject
Project("{6EC3EE1D-3C4E-46DD-8F32-0CC8E7565705}") = "WordValues.Azure.JS", "WordValues.Azure.JS\WordValues.Azure.JS.fsproj", "{0A63C5A7-A23E-4101-9B79-5F44971E5034}"
EndProject
Project("{6EC3EE1D-3C4E-46DD-8F32-0CC8E7565705}") = "WordValues.Azure.JS.Tests", "WordValues.Azure.JS.Tests\WordValues.Azure.JS.Tests.fsproj", "{2FF4AE05-7327-432C-818C-87FD919E14D2}"
EndProject
Project("{6EC3EE1D-3C4E-46DD-8F32-0CC8E7565705}") = "WordValues.Aws.JS", "WordValues.Aws.JS\WordValues.Aws.JS.fsproj", "{7EC33CDE-9E4D-491C-A800-08ACEE10CCCF}"
EndProject
Project("{6EC3EE1D-3C4E-46DD-8F32-0CC8E7565705}") = "Deployment.Azure", "Deployment.Azure\Deployment.Azure.fsproj", "{8A296FC9-837A-4EF4-9429-B630FFBFBDEE}"
EndProject
Project("{6EC3EE1D-3C4E-46DD-8F32-0CC8E7565705}") = "PulumiExtras.Core", "PulumiExtras.Core\PulumiExtras.Core.fsproj", "{AECEADD5-66EF-45D8-AFC9-CA54EBEAFF7C}"
EndProject
Project("{6EC3EE1D-3C4E-46DD-8F32-0CC8E7565705}") = "Testing.AzureLocal", "Testing.AzureLocal\Testing.AzureLocal.fsproj", "{7E5A8496-EAEE-4798-AD3C-0C8BC3DC0E3E}"
EndProject
Project("{6EC3EE1D-3C4E-46DD-8F32-0CC8E7565705}") = "Testing.Apis", "Testing.Apis\Testing.Apis.fsproj", "{D28F42FD-6B08-42EE-8022-19160DCFFDDE}"
EndProject
Global
	GlobalSection(SolutionConfigurationPlatforms) = preSolution
		Debug|Any CPU = Debug|Any CPU
		Debug|x64 = Debug|x64
		Debug|x86 = Debug|x86
		Release|Any CPU = Release|Any CPU
		Release|x64 = Release|x64
		Release|x86 = Release|x86
	EndGlobalSection
	GlobalSection(ProjectConfigurationPlatforms) = postSolution
		{0D4C8C26-1E5A-4785-8053-FB479D0027E6}.Debug|Any CPU.ActiveCfg = Debug|Any CPU
		{0D4C8C26-1E5A-4785-8053-FB479D0027E6}.Debug|Any CPU.Build.0 = Debug|Any CPU
		{0D4C8C26-1E5A-4785-8053-FB479D0027E6}.Debug|x64.ActiveCfg = Debug|Any CPU
		{0D4C8C26-1E5A-4785-8053-FB479D0027E6}.Debug|x64.Build.0 = Debug|Any CPU
		{0D4C8C26-1E5A-4785-8053-FB479D0027E6}.Debug|x86.ActiveCfg = Debug|Any CPU
		{0D4C8C26-1E5A-4785-8053-FB479D0027E6}.Debug|x86.Build.0 = Debug|Any CPU
		{0D4C8C26-1E5A-4785-8053-FB479D0027E6}.Release|Any CPU.ActiveCfg = Release|Any CPU
		{0D4C8C26-1E5A-4785-8053-FB479D0027E6}.Release|Any CPU.Build.0 = Release|Any CPU
		{0D4C8C26-1E5A-4785-8053-FB479D0027E6}.Release|x64.ActiveCfg = Release|Any CPU
		{0D4C8C26-1E5A-4785-8053-FB479D0027E6}.Release|x64.Build.0 = Release|Any CPU
		{0D4C8C26-1E5A-4785-8053-FB479D0027E6}.Release|x86.ActiveCfg = Release|Any CPU
		{0D4C8C26-1E5A-4785-8053-FB479D0027E6}.Release|x86.Build.0 = Release|Any CPU
		{691B604A-F5E6-41A2-B13B-F2CD5463CF7E}.Debug|Any CPU.ActiveCfg = Debug|Any CPU
		{691B604A-F5E6-41A2-B13B-F2CD5463CF7E}.Debug|Any CPU.Build.0 = Debug|Any CPU
		{691B604A-F5E6-41A2-B13B-F2CD5463CF7E}.Debug|x64.ActiveCfg = Debug|Any CPU
		{691B604A-F5E6-41A2-B13B-F2CD5463CF7E}.Debug|x64.Build.0 = Debug|Any CPU
		{691B604A-F5E6-41A2-B13B-F2CD5463CF7E}.Debug|x86.ActiveCfg = Debug|Any CPU
		{691B604A-F5E6-41A2-B13B-F2CD5463CF7E}.Debug|x86.Build.0 = Debug|Any CPU
		{691B604A-F5E6-41A2-B13B-F2CD5463CF7E}.Release|Any CPU.ActiveCfg = Release|Any CPU
		{691B604A-F5E6-41A2-B13B-F2CD5463CF7E}.Release|Any CPU.Build.0 = Release|Any CPU
		{691B604A-F5E6-41A2-B13B-F2CD5463CF7E}.Release|x64.ActiveCfg = Release|Any CPU
		{691B604A-F5E6-41A2-B13B-F2CD5463CF7E}.Release|x64.Build.0 = Release|Any CPU
		{691B604A-F5E6-41A2-B13B-F2CD5463CF7E}.Release|x86.ActiveCfg = Release|Any CPU
		{691B604A-F5E6-41A2-B13B-F2CD5463CF7E}.Release|x86.Build.0 = Release|Any CPU
		{D7ADA403-74DF-425E-9108-83BEF8539779}.Debug|Any CPU.ActiveCfg = Debug|Any CPU
		{D7ADA403-74DF-425E-9108-83BEF8539779}.Debug|Any CPU.Build.0 = Debug|Any CPU
		{D7ADA403-74DF-425E-9108-83BEF8539779}.Debug|x64.ActiveCfg = Debug|Any CPU
		{D7ADA403-74DF-425E-9108-83BEF8539779}.Debug|x64.Build.0 = Debug|Any CPU
		{D7ADA403-74DF-425E-9108-83BEF8539779}.Debug|x86.ActiveCfg = Debug|Any CPU
		{D7ADA403-74DF-425E-9108-83BEF8539779}.Debug|x86.Build.0 = Debug|Any CPU
		{D7ADA403-74DF-425E-9108-83BEF8539779}.Release|Any CPU.ActiveCfg = Release|Any CPU
		{D7ADA403-74DF-425E-9108-83BEF8539779}.Release|Any CPU.Build.0 = Release|Any CPU
		{D7ADA403-74DF-425E-9108-83BEF8539779}.Release|x64.ActiveCfg = Release|Any CPU
		{D7ADA403-74DF-425E-9108-83BEF8539779}.Release|x64.Build.0 = Release|Any CPU
		{D7ADA403-74DF-425E-9108-83BEF8539779}.Release|x86.ActiveCfg = Release|Any CPU
		{D7ADA403-74DF-425E-9108-83BEF8539779}.Release|x86.Build.0 = Release|Any CPU
		{3443F634-B556-4948-8507-D64557811D08}.Debug|Any CPU.ActiveCfg = Debug|Any CPU
		{3443F634-B556-4948-8507-D64557811D08}.Debug|Any CPU.Build.0 = Debug|Any CPU
		{3443F634-B556-4948-8507-D64557811D08}.Debug|x64.ActiveCfg = Debug|Any CPU
		{3443F634-B556-4948-8507-D64557811D08}.Debug|x64.Build.0 = Debug|Any CPU
		{3443F634-B556-4948-8507-D64557811D08}.Debug|x86.ActiveCfg = Debug|Any CPU
		{3443F634-B556-4948-8507-D64557811D08}.Debug|x86.Build.0 = Debug|Any CPU
		{3443F634-B556-4948-8507-D64557811D08}.Release|Any CPU.ActiveCfg = Release|Any CPU
		{3443F634-B556-4948-8507-D64557811D08}.Release|Any CPU.Build.0 = Release|Any CPU
		{3443F634-B556-4948-8507-D64557811D08}.Release|x64.ActiveCfg = Release|Any CPU
		{3443F634-B556-4948-8507-D64557811D08}.Release|x64.Build.0 = Release|Any CPU
		{3443F634-B556-4948-8507-D64557811D08}.Release|x86.ActiveCfg = Release|Any CPU
		{3443F634-B556-4948-8507-D64557811D08}.Release|x86.Build.0 = Release|Any CPU
		{26F46E8F-0D69-4A1B-85A4-64BCB56B649D}.Debug|Any CPU.ActiveCfg = Debug|Any CPU
		{26F46E8F-0D69-4A1B-85A4-64BCB56B649D}.Debug|Any CPU.Build.0 = Debug|Any CPU
		{26F46E8F-0D69-4A1B-85A4-64BCB56B649D}.Debug|x64.ActiveCfg = Debug|Any CPU
		{26F46E8F-0D69-4A1B-85A4-64BCB56B649D}.Debug|x64.Build.0 = Debug|Any CPU
		{26F46E8F-0D69-4A1B-85A4-64BCB56B649D}.Debug|x86.ActiveCfg = Debug|Any CPU
		{26F46E8F-0D69-4A1B-85A4-64BCB56B649D}.Debug|x86.Build.0 = Debug|Any CPU
		{26F46E8F-0D69-4A1B-85A4-64BCB56B649D}.Release|Any CPU.ActiveCfg = Release|Any CPU
		{26F46E8F-0D69-4A1B-85A4-64BCB56B649D}.Release|Any CPU.Build.0 = Release|Any CPU
		{26F46E8F-0D69-4A1B-85A4-64BCB56B649D}.Release|x64.ActiveCfg = Release|Any CPU
		{26F46E8F-0D69-4A1B-85A4-64BCB56B649D}.Release|x64.Build.0 = Release|Any CPU
		{26F46E8F-0D69-4A1B-85A4-64BCB56B649D}.Release|x86.ActiveCfg = Release|Any CPU
		{26F46E8F-0D69-4A1B-85A4-64BCB56B649D}.Release|x86.Build.0 = Release|Any CPU
		{A7A1FDB0-020A-44FA-8203-2281506F70CC}.Debug|Any CPU.ActiveCfg = Debug|Any CPU
		{A7A1FDB0-020A-44FA-8203-2281506F70CC}.Debug|Any CPU.Build.0 = Debug|Any CPU
		{A7A1FDB0-020A-44FA-8203-2281506F70CC}.Debug|x64.ActiveCfg = Debug|Any CPU
		{A7A1FDB0-020A-44FA-8203-2281506F70CC}.Debug|x64.Build.0 = Debug|Any CPU
		{A7A1FDB0-020A-44FA-8203-2281506F70CC}.Debug|x86.ActiveCfg = Debug|Any CPU
		{A7A1FDB0-020A-44FA-8203-2281506F70CC}.Debug|x86.Build.0 = Debug|Any CPU
		{A7A1FDB0-020A-44FA-8203-2281506F70CC}.Release|Any CPU.ActiveCfg = Release|Any CPU
		{A7A1FDB0-020A-44FA-8203-2281506F70CC}.Release|Any CPU.Build.0 = Release|Any CPU
		{A7A1FDB0-020A-44FA-8203-2281506F70CC}.Release|x64.ActiveCfg = Release|Any CPU
		{A7A1FDB0-020A-44FA-8203-2281506F70CC}.Release|x64.Build.0 = Release|Any CPU
		{A7A1FDB0-020A-44FA-8203-2281506F70CC}.Release|x86.ActiveCfg = Release|Any CPU
		{A7A1FDB0-020A-44FA-8203-2281506F70CC}.Release|x86.Build.0 = Release|Any CPU
		{5EBAE841-F1B2-48D8-8804-544D7B0E78F6}.Debug|Any CPU.ActiveCfg = Debug|Any CPU
		{5EBAE841-F1B2-48D8-8804-544D7B0E78F6}.Debug|Any CPU.Build.0 = Debug|Any CPU
		{5EBAE841-F1B2-48D8-8804-544D7B0E78F6}.Debug|x64.ActiveCfg = Debug|Any CPU
		{5EBAE841-F1B2-48D8-8804-544D7B0E78F6}.Debug|x64.Build.0 = Debug|Any CPU
		{5EBAE841-F1B2-48D8-8804-544D7B0E78F6}.Debug|x86.ActiveCfg = Debug|Any CPU
		{5EBAE841-F1B2-48D8-8804-544D7B0E78F6}.Debug|x86.Build.0 = Debug|Any CPU
		{5EBAE841-F1B2-48D8-8804-544D7B0E78F6}.Release|Any CPU.ActiveCfg = Release|Any CPU
		{5EBAE841-F1B2-48D8-8804-544D7B0E78F6}.Release|Any CPU.Build.0 = Release|Any CPU
		{5EBAE841-F1B2-48D8-8804-544D7B0E78F6}.Release|x64.ActiveCfg = Release|Any CPU
		{5EBAE841-F1B2-48D8-8804-544D7B0E78F6}.Release|x64.Build.0 = Release|Any CPU
		{5EBAE841-F1B2-48D8-8804-544D7B0E78F6}.Release|x86.ActiveCfg = Release|Any CPU
		{5EBAE841-F1B2-48D8-8804-544D7B0E78F6}.Release|x86.Build.0 = Release|Any CPU
		{5BE712B1-F56C-492C-B6BB-CB8E74C84057}.Debug|Any CPU.ActiveCfg = Debug|Any CPU
		{5BE712B1-F56C-492C-B6BB-CB8E74C84057}.Debug|Any CPU.Build.0 = Debug|Any CPU
		{5BE712B1-F56C-492C-B6BB-CB8E74C84057}.Debug|x64.ActiveCfg = Debug|Any CPU
		{5BE712B1-F56C-492C-B6BB-CB8E74C84057}.Debug|x64.Build.0 = Debug|Any CPU
		{5BE712B1-F56C-492C-B6BB-CB8E74C84057}.Debug|x86.ActiveCfg = Debug|Any CPU
		{5BE712B1-F56C-492C-B6BB-CB8E74C84057}.Debug|x86.Build.0 = Debug|Any CPU
		{5BE712B1-F56C-492C-B6BB-CB8E74C84057}.Release|Any CPU.ActiveCfg = Release|Any CPU
		{5BE712B1-F56C-492C-B6BB-CB8E74C84057}.Release|Any CPU.Build.0 = Release|Any CPU
		{5BE712B1-F56C-492C-B6BB-CB8E74C84057}.Release|x64.ActiveCfg = Release|Any CPU
		{5BE712B1-F56C-492C-B6BB-CB8E74C84057}.Release|x64.Build.0 = Release|Any CPU
		{5BE712B1-F56C-492C-B6BB-CB8E74C84057}.Release|x86.ActiveCfg = Release|Any CPU
		{5BE712B1-F56C-492C-B6BB-CB8E74C84057}.Release|x86.Build.0 = Release|Any CPU
		{0A63C5A7-A23E-4101-9B79-5F44971E5034}.Debug|Any CPU.ActiveCfg = Debug|Any CPU
		{0A63C5A7-A23E-4101-9B79-5F44971E5034}.Debug|Any CPU.Build.0 = Debug|Any CPU
		{0A63C5A7-A23E-4101-9B79-5F44971E5034}.Debug|x64.ActiveCfg = Debug|Any CPU
		{0A63C5A7-A23E-4101-9B79-5F44971E5034}.Debug|x64.Build.0 = Debug|Any CPU
		{0A63C5A7-A23E-4101-9B79-5F44971E5034}.Debug|x86.ActiveCfg = Debug|Any CPU
		{0A63C5A7-A23E-4101-9B79-5F44971E5034}.Debug|x86.Build.0 = Debug|Any CPU
		{0A63C5A7-A23E-4101-9B79-5F44971E5034}.Release|Any CPU.ActiveCfg = Release|Any CPU
		{0A63C5A7-A23E-4101-9B79-5F44971E5034}.Release|Any CPU.Build.0 = Release|Any CPU
		{0A63C5A7-A23E-4101-9B79-5F44971E5034}.Release|x64.ActiveCfg = Release|Any CPU
		{0A63C5A7-A23E-4101-9B79-5F44971E5034}.Release|x64.Build.0 = Release|Any CPU
		{0A63C5A7-A23E-4101-9B79-5F44971E5034}.Release|x86.ActiveCfg = Release|Any CPU
		{0A63C5A7-A23E-4101-9B79-5F44971E5034}.Release|x86.Build.0 = Release|Any CPU
		{2FF4AE05-7327-432C-818C-87FD919E14D2}.Debug|Any CPU.ActiveCfg = Debug|Any CPU
		{2FF4AE05-7327-432C-818C-87FD919E14D2}.Debug|Any CPU.Build.0 = Debug|Any CPU
		{2FF4AE05-7327-432C-818C-87FD919E14D2}.Debug|x64.ActiveCfg = Debug|Any CPU
		{2FF4AE05-7327-432C-818C-87FD919E14D2}.Debug|x64.Build.0 = Debug|Any CPU
		{2FF4AE05-7327-432C-818C-87FD919E14D2}.Debug|x86.ActiveCfg = Debug|Any CPU
		{2FF4AE05-7327-432C-818C-87FD919E14D2}.Debug|x86.Build.0 = Debug|Any CPU
		{2FF4AE05-7327-432C-818C-87FD919E14D2}.Release|Any CPU.ActiveCfg = Release|Any CPU
		{2FF4AE05-7327-432C-818C-87FD919E14D2}.Release|Any CPU.Build.0 = Release|Any CPU
		{2FF4AE05-7327-432C-818C-87FD919E14D2}.Release|x64.ActiveCfg = Release|Any CPU
		{2FF4AE05-7327-432C-818C-87FD919E14D2}.Release|x64.Build.0 = Release|Any CPU
		{2FF4AE05-7327-432C-818C-87FD919E14D2}.Release|x86.ActiveCfg = Release|Any CPU
		{2FF4AE05-7327-432C-818C-87FD919E14D2}.Release|x86.Build.0 = Release|Any CPU
		{7EC33CDE-9E4D-491C-A800-08ACEE10CCCF}.Debug|Any CPU.ActiveCfg = Debug|Any CPU
		{7EC33CDE-9E4D-491C-A800-08ACEE10CCCF}.Debug|Any CPU.Build.0 = Debug|Any CPU
		{7EC33CDE-9E4D-491C-A800-08ACEE10CCCF}.Debug|x64.ActiveCfg = Debug|Any CPU
		{7EC33CDE-9E4D-491C-A800-08ACEE10CCCF}.Debug|x64.Build.0 = Debug|Any CPU
		{7EC33CDE-9E4D-491C-A800-08ACEE10CCCF}.Debug|x86.ActiveCfg = Debug|Any CPU
		{7EC33CDE-9E4D-491C-A800-08ACEE10CCCF}.Debug|x86.Build.0 = Debug|Any CPU
		{7EC33CDE-9E4D-491C-A800-08ACEE10CCCF}.Release|Any CPU.ActiveCfg = Release|Any CPU
		{7EC33CDE-9E4D-491C-A800-08ACEE10CCCF}.Release|Any CPU.Build.0 = Release|Any CPU
		{7EC33CDE-9E4D-491C-A800-08ACEE10CCCF}.Release|x64.ActiveCfg = Release|Any CPU
		{7EC33CDE-9E4D-491C-A800-08ACEE10CCCF}.Release|x64.Build.0 = Release|Any CPU
		{7EC33CDE-9E4D-491C-A800-08ACEE10CCCF}.Release|x86.ActiveCfg = Release|Any CPU
		{7EC33CDE-9E4D-491C-A800-08ACEE10CCCF}.Release|x86.Build.0 = Release|Any CPU
		{8A296FC9-837A-4EF4-9429-B630FFBFBDEE}.Debug|Any CPU.ActiveCfg = Debug|Any CPU
		{8A296FC9-837A-4EF4-9429-B630FFBFBDEE}.Debug|Any CPU.Build.0 = Debug|Any CPU
		{8A296FC9-837A-4EF4-9429-B630FFBFBDEE}.Debug|x64.ActiveCfg = Debug|Any CPU
		{8A296FC9-837A-4EF4-9429-B630FFBFBDEE}.Debug|x64.Build.0 = Debug|Any CPU
		{8A296FC9-837A-4EF4-9429-B630FFBFBDEE}.Debug|x86.ActiveCfg = Debug|Any CPU
		{8A296FC9-837A-4EF4-9429-B630FFBFBDEE}.Debug|x86.Build.0 = Debug|Any CPU
		{8A296FC9-837A-4EF4-9429-B630FFBFBDEE}.Release|Any CPU.ActiveCfg = Release|Any CPU
		{8A296FC9-837A-4EF4-9429-B630FFBFBDEE}.Release|Any CPU.Build.0 = Release|Any CPU
		{8A296FC9-837A-4EF4-9429-B630FFBFBDEE}.Release|x64.ActiveCfg = Release|Any CPU
		{8A296FC9-837A-4EF4-9429-B630FFBFBDEE}.Release|x64.Build.0 = Release|Any CPU
		{8A296FC9-837A-4EF4-9429-B630FFBFBDEE}.Release|x86.ActiveCfg = Release|Any CPU
		{8A296FC9-837A-4EF4-9429-B630FFBFBDEE}.Release|x86.Build.0 = Release|Any CPU
		{AECEADD5-66EF-45D8-AFC9-CA54EBEAFF7C}.Debug|Any CPU.ActiveCfg = Debug|Any CPU
		{AECEADD5-66EF-45D8-AFC9-CA54EBEAFF7C}.Debug|Any CPU.Build.0 = Debug|Any CPU
		{AECEADD5-66EF-45D8-AFC9-CA54EBEAFF7C}.Debug|x64.ActiveCfg = Debug|Any CPU
		{AECEADD5-66EF-45D8-AFC9-CA54EBEAFF7C}.Debug|x64.Build.0 = Debug|Any CPU
		{AECEADD5-66EF-45D8-AFC9-CA54EBEAFF7C}.Debug|x86.ActiveCfg = Debug|Any CPU
		{AECEADD5-66EF-45D8-AFC9-CA54EBEAFF7C}.Debug|x86.Build.0 = Debug|Any CPU
		{AECEADD5-66EF-45D8-AFC9-CA54EBEAFF7C}.Release|Any CPU.ActiveCfg = Release|Any CPU
		{AECEADD5-66EF-45D8-AFC9-CA54EBEAFF7C}.Release|Any CPU.Build.0 = Release|Any CPU
		{AECEADD5-66EF-45D8-AFC9-CA54EBEAFF7C}.Release|x64.ActiveCfg = Release|Any CPU
		{AECEADD5-66EF-45D8-AFC9-CA54EBEAFF7C}.Release|x64.Build.0 = Release|Any CPU
		{AECEADD5-66EF-45D8-AFC9-CA54EBEAFF7C}.Release|x86.ActiveCfg = Release|Any CPU
		{AECEADD5-66EF-45D8-AFC9-CA54EBEAFF7C}.Release|x86.Build.0 = Release|Any CPU
		{7E5A8496-EAEE-4798-AD3C-0C8BC3DC0E3E}.Debug|Any CPU.ActiveCfg = Debug|Any CPU
		{7E5A8496-EAEE-4798-AD3C-0C8BC3DC0E3E}.Debug|Any CPU.Build.0 = Debug|Any CPU
		{7E5A8496-EAEE-4798-AD3C-0C8BC3DC0E3E}.Debug|x64.ActiveCfg = Debug|Any CPU
		{7E5A8496-EAEE-4798-AD3C-0C8BC3DC0E3E}.Debug|x64.Build.0 = Debug|Any CPU
		{7E5A8496-EAEE-4798-AD3C-0C8BC3DC0E3E}.Debug|x86.ActiveCfg = Debug|Any CPU
		{7E5A8496-EAEE-4798-AD3C-0C8BC3DC0E3E}.Debug|x86.Build.0 = Debug|Any CPU
		{7E5A8496-EAEE-4798-AD3C-0C8BC3DC0E3E}.Release|Any CPU.ActiveCfg = Release|Any CPU
		{7E5A8496-EAEE-4798-AD3C-0C8BC3DC0E3E}.Release|Any CPU.Build.0 = Release|Any CPU
		{7E5A8496-EAEE-4798-AD3C-0C8BC3DC0E3E}.Release|x64.ActiveCfg = Release|Any CPU
		{7E5A8496-EAEE-4798-AD3C-0C8BC3DC0E3E}.Release|x64.Build.0 = Release|Any CPU
		{7E5A8496-EAEE-4798-AD3C-0C8BC3DC0E3E}.Release|x86.ActiveCfg = Release|Any CPU
		{7E5A8496-EAEE-4798-AD3C-0C8BC3DC0E3E}.Release|x86.Build.0 = Release|Any CPU
		{D28F42FD-6B08-42EE-8022-19160DCFFDDE}.Debug|Any CPU.ActiveCfg = Debug|Any CPU
		{D28F42FD-6B08-42EE-8022-19160DCFFDDE}.Debug|Any CPU.Build.0 = Debug|Any CPU
		{D28F42FD-6B08-42EE-8022-19160DCFFDDE}.Debug|x64.ActiveCfg = Debug|Any CPU
		{D28F42FD-6B08-42EE-8022-19160DCFFDDE}.Debug|x64.Build.0 = Debug|Any CPU
		{D28F42FD-6B08-42EE-8022-19160DCFFDDE}.Debug|x86.ActiveCfg = Debug|Any CPU
		{D28F42FD-6B08-42EE-8022-19160DCFFDDE}.Debug|x86.Build.0 = Debug|Any CPU
		{D28F42FD-6B08-42EE-8022-19160DCFFDDE}.Release|Any CPU.ActiveCfg = Release|Any CPU
		{D28F42FD-6B08-42EE-8022-19160DCFFDDE}.Release|Any CPU.Build.0 = Release|Any CPU
		{D28F42FD-6B08-42EE-8022-19160DCFFDDE}.Release|x64.ActiveCfg = Release|Any CPU
		{D28F42FD-6B08-42EE-8022-19160DCFFDDE}.Release|x64.Build.0 = Release|Any CPU
		{D28F42FD-6B08-42EE-8022-19160DCFFDDE}.Release|x86.ActiveCfg = Release|Any CPU
		{D28F42FD-6B08-42EE-8022-19160DCFFDDE}.Release|x86.Build.0 = Release|Any CPU
	EndGlobalSection
	GlobalSection(SolutionProperties) = preSolution
		HideSolutionNode = FALSE
	EndGlobalSection
	GlobalSection(ExtensibilityGlobals) = postSolution
		SolutionGuid = {2DACBDE2-8261-4445-99B0-8AAF3965FAE9}
	EndGlobalSection
EndGlobal
