
Microsoft Visual Studio Solution File, Format Version 12.00
# Visual Studio Version 16
VisualStudioVersion = 16.6.30114.105
MinimumVisualStudioVersion = 10.0.40219.1
Project("{6EC3EE1D-3C4E-46DD-8F32-0CC8E7565705}") = "WordValues.Azure", "WordValues.Azure\WordValues.Azure.fsproj", "{0D4C8C26-1E5A-4785-8053-FB479D0027E6}"
EndProject
Project("{6EC3EE1D-3C4E-46DD-8F32-0CC8E7565705}") = "WordValues.Azure.Tests", "WordValues.Azure.Tests\WordValues.Azure.Tests.fsproj", "{691B604A-F5E6-41A2-B13B-F2CD5463CF7E}"
EndProject
Project("{6EC3EE1D-3C4E-46DD-8F32-0CC8E7565705}") = "Deployment", "Deployment\Deployment.fsproj", "{59701097-CED8-4D16-A6B5-BC39E7CCA2A1}"
EndProject
Project("{6EC3EE1D-3C4E-46DD-8F32-0CC8E7565705}") = "WordValues", "WordValues\WordValues.fsproj", "{D7ADA403-74DF-425E-9108-83BEF8539779}"
EndProject
Project("{6EC3EE1D-3C4E-46DD-8F32-0CC8E7565705}") = "WordValues.Tests", "WordValues.Tests\WordValues.Tests.fsproj", "{3443F634-B556-4948-8507-D64557811D08}"
EndProject
Project("{6EC3EE1D-3C4E-46DD-8F32-0CC8E7565705}") = "Deployment.Tests", "Deployment.Tests\Deployment.Tests.fsproj", "{26F46E8F-0D69-4A1B-85A4-64BCB56B649D}"
EndProject
Project("{6EC3EE1D-3C4E-46DD-8F32-0CC8E7565705}") = "WordValues.Aws", "WordValues.Aws\WordValues.Aws.fsproj", "{A7A1FDB0-020A-44FA-8203-2281506F70CC}"
EndProject
Project("{6EC3EE1D-3C4E-46DD-8F32-0CC8E7565705}") = "WordValues.Aws.Tests", "WordValues.Aws.Tests\WordValues.Aws.Tests.fsproj", "{5EBAE841-F1B2-48D8-8804-544D7B0E78F6}"
EndProject
Project("{2150E333-8FDC-42A3-9474-1A3956D46DE8}") = "Documentation", "Documentation", "{FF70A0EE-9602-4332-A983-FF94D03414A7}"
	ProjectSection(SolutionItems) = preProject
		01 Getting Started.md = 01 Getting Started.md
		02 Creating an Azure Function.md = 02 Creating an Azure Function.md
		03 Automated Tests.md = 03 Automated Tests.md
		04 Using Paket.md = 04 Using Paket.md
		05 Visual Studio Solution.md = 05 Visual Studio Solution.md
		06 Deploy to Azure.md = 06 Deploy to Azure.md
		07 Test Deployed Azure Function.md = 07 Test Deployed Azure Function.md
		08 Make the function do something.md = 08 Make the function do something.md
		09 First Tidy-up.md = 09 First Tidy-up.md
		10 Build with Fake.md = 10 Build with Fake.md
	EndProjectSection
EndProject
Project("{2150E333-8FDC-42A3-9474-1A3956D46DE8}") = "Solution Items", "Solution Items", "{AFF34F9C-C317-453C-9F0F-EBF2930C1963}"
	ProjectSection(SolutionItems) = preProject
		.gitignore = .gitignore
		build.fsx = build.fsx
		paket.dependencies = paket.dependencies
		paket.lock = paket.lock
	EndProjectSection
EndProject
Global
	GlobalSection(SolutionConfigurationPlatforms) = preSolution
		Debug|Any CPU = Debug|Any CPU
		Debug|x64 = Debug|x64
		Debug|x86 = Debug|x86
		Release|Any CPU = Release|Any CPU
		Release|x64 = Release|x64
		Release|x86 = Release|x86
	EndGlobalSection
	GlobalSection(ProjectConfigurationPlatforms) = postSolution
		{0D4C8C26-1E5A-4785-8053-FB479D0027E6}.Debug|Any CPU.ActiveCfg = Debug|Any CPU
		{0D4C8C26-1E5A-4785-8053-FB479D0027E6}.Debug|Any CPU.Build.0 = Debug|Any CPU
		{0D4C8C26-1E5A-4785-8053-FB479D0027E6}.Debug|x64.ActiveCfg = Debug|Any CPU
		{0D4C8C26-1E5A-4785-8053-FB479D0027E6}.Debug|x64.Build.0 = Debug|Any CPU
		{0D4C8C26-1E5A-4785-8053-FB479D0027E6}.Debug|x86.ActiveCfg = Debug|Any CPU
		{0D4C8C26-1E5A-4785-8053-FB479D0027E6}.Debug|x86.Build.0 = Debug|Any CPU
		{0D4C8C26-1E5A-4785-8053-FB479D0027E6}.Release|Any CPU.ActiveCfg = Release|Any CPU
		{0D4C8C26-1E5A-4785-8053-FB479D0027E6}.Release|Any CPU.Build.0 = Release|Any CPU
		{0D4C8C26-1E5A-4785-8053-FB479D0027E6}.Release|x64.ActiveCfg = Release|Any CPU
		{0D4C8C26-1E5A-4785-8053-FB479D0027E6}.Release|x64.Build.0 = Release|Any CPU
		{0D4C8C26-1E5A-4785-8053-FB479D0027E6}.Release|x86.ActiveCfg = Release|Any CPU
		{0D4C8C26-1E5A-4785-8053-FB479D0027E6}.Release|x86.Build.0 = Release|Any CPU
		{691B604A-F5E6-41A2-B13B-F2CD5463CF7E}.Debug|Any CPU.ActiveCfg = Debug|Any CPU
		{691B604A-F5E6-41A2-B13B-F2CD5463CF7E}.Debug|Any CPU.Build.0 = Debug|Any CPU
		{691B604A-F5E6-41A2-B13B-F2CD5463CF7E}.Debug|x64.ActiveCfg = Debug|Any CPU
		{691B604A-F5E6-41A2-B13B-F2CD5463CF7E}.Debug|x64.Build.0 = Debug|Any CPU
		{691B604A-F5E6-41A2-B13B-F2CD5463CF7E}.Debug|x86.ActiveCfg = Debug|Any CPU
		{691B604A-F5E6-41A2-B13B-F2CD5463CF7E}.Debug|x86.Build.0 = Debug|Any CPU
		{691B604A-F5E6-41A2-B13B-F2CD5463CF7E}.Release|Any CPU.ActiveCfg = Release|Any CPU
		{691B604A-F5E6-41A2-B13B-F2CD5463CF7E}.Release|Any CPU.Build.0 = Release|Any CPU
		{691B604A-F5E6-41A2-B13B-F2CD5463CF7E}.Release|x64.ActiveCfg = Release|Any CPU
		{691B604A-F5E6-41A2-B13B-F2CD5463CF7E}.Release|x64.Build.0 = Release|Any CPU
		{691B604A-F5E6-41A2-B13B-F2CD5463CF7E}.Release|x86.ActiveCfg = Release|Any CPU
		{691B604A-F5E6-41A2-B13B-F2CD5463CF7E}.Release|x86.Build.0 = Release|Any CPU
		{59701097-CED8-4D16-A6B5-BC39E7CCA2A1}.Debug|Any CPU.ActiveCfg = Debug|Any CPU
		{59701097-CED8-4D16-A6B5-BC39E7CCA2A1}.Debug|Any CPU.Build.0 = Debug|Any CPU
		{59701097-CED8-4D16-A6B5-BC39E7CCA2A1}.Debug|x64.ActiveCfg = Debug|Any CPU
		{59701097-CED8-4D16-A6B5-BC39E7CCA2A1}.Debug|x64.Build.0 = Debug|Any CPU
		{59701097-CED8-4D16-A6B5-BC39E7CCA2A1}.Debug|x86.ActiveCfg = Debug|Any CPU
		{59701097-CED8-4D16-A6B5-BC39E7CCA2A1}.Debug|x86.Build.0 = Debug|Any CPU
		{59701097-CED8-4D16-A6B5-BC39E7CCA2A1}.Release|Any CPU.ActiveCfg = Release|Any CPU
		{59701097-CED8-4D16-A6B5-BC39E7CCA2A1}.Release|Any CPU.Build.0 = Release|Any CPU
		{59701097-CED8-4D16-A6B5-BC39E7CCA2A1}.Release|x64.ActiveCfg = Release|Any CPU
		{59701097-CED8-4D16-A6B5-BC39E7CCA2A1}.Release|x64.Build.0 = Release|Any CPU
		{59701097-CED8-4D16-A6B5-BC39E7CCA2A1}.Release|x86.ActiveCfg = Release|Any CPU
		{59701097-CED8-4D16-A6B5-BC39E7CCA2A1}.Release|x86.Build.0 = Release|Any CPU
		{D7ADA403-74DF-425E-9108-83BEF8539779}.Debug|Any CPU.ActiveCfg = Debug|Any CPU
		{D7ADA403-74DF-425E-9108-83BEF8539779}.Debug|Any CPU.Build.0 = Debug|Any CPU
		{D7ADA403-74DF-425E-9108-83BEF8539779}.Debug|x64.ActiveCfg = Debug|Any CPU
		{D7ADA403-74DF-425E-9108-83BEF8539779}.Debug|x64.Build.0 = Debug|Any CPU
		{D7ADA403-74DF-425E-9108-83BEF8539779}.Debug|x86.ActiveCfg = Debug|Any CPU
		{D7ADA403-74DF-425E-9108-83BEF8539779}.Debug|x86.Build.0 = Debug|Any CPU
		{D7ADA403-74DF-425E-9108-83BEF8539779}.Release|Any CPU.ActiveCfg = Release|Any CPU
		{D7ADA403-74DF-425E-9108-83BEF8539779}.Release|Any CPU.Build.0 = Release|Any CPU
		{D7ADA403-74DF-425E-9108-83BEF8539779}.Release|x64.ActiveCfg = Release|Any CPU
		{D7ADA403-74DF-425E-9108-83BEF8539779}.Release|x64.Build.0 = Release|Any CPU
		{D7ADA403-74DF-425E-9108-83BEF8539779}.Release|x86.ActiveCfg = Release|Any CPU
		{D7ADA403-74DF-425E-9108-83BEF8539779}.Release|x86.Build.0 = Release|Any CPU
		{3443F634-B556-4948-8507-D64557811D08}.Debug|Any CPU.ActiveCfg = Debug|Any CPU
		{3443F634-B556-4948-8507-D64557811D08}.Debug|Any CPU.Build.0 = Debug|Any CPU
		{3443F634-B556-4948-8507-D64557811D08}.Debug|x64.ActiveCfg = Debug|Any CPU
		{3443F634-B556-4948-8507-D64557811D08}.Debug|x64.Build.0 = Debug|Any CPU
		{3443F634-B556-4948-8507-D64557811D08}.Debug|x86.ActiveCfg = Debug|Any CPU
		{3443F634-B556-4948-8507-D64557811D08}.Debug|x86.Build.0 = Debug|Any CPU
		{3443F634-B556-4948-8507-D64557811D08}.Release|Any CPU.ActiveCfg = Release|Any CPU
		{3443F634-B556-4948-8507-D64557811D08}.Release|Any CPU.Build.0 = Release|Any CPU
		{3443F634-B556-4948-8507-D64557811D08}.Release|x64.ActiveCfg = Release|Any CPU
		{3443F634-B556-4948-8507-D64557811D08}.Release|x64.Build.0 = Release|Any CPU
		{3443F634-B556-4948-8507-D64557811D08}.Release|x86.ActiveCfg = Release|Any CPU
		{3443F634-B556-4948-8507-D64557811D08}.Release|x86.Build.0 = Release|Any CPU
		{26F46E8F-0D69-4A1B-85A4-64BCB56B649D}.Debug|Any CPU.ActiveCfg = Debug|Any CPU
		{26F46E8F-0D69-4A1B-85A4-64BCB56B649D}.Debug|Any CPU.Build.0 = Debug|Any CPU
		{26F46E8F-0D69-4A1B-85A4-64BCB56B649D}.Debug|x64.ActiveCfg = Debug|Any CPU
		{26F46E8F-0D69-4A1B-85A4-64BCB56B649D}.Debug|x64.Build.0 = Debug|Any CPU
		{26F46E8F-0D69-4A1B-85A4-64BCB56B649D}.Debug|x86.ActiveCfg = Debug|Any CPU
		{26F46E8F-0D69-4A1B-85A4-64BCB56B649D}.Debug|x86.Build.0 = Debug|Any CPU
		{26F46E8F-0D69-4A1B-85A4-64BCB56B649D}.Release|Any CPU.ActiveCfg = Release|Any CPU
		{26F46E8F-0D69-4A1B-85A4-64BCB56B649D}.Release|Any CPU.Build.0 = Release|Any CPU
		{26F46E8F-0D69-4A1B-85A4-64BCB56B649D}.Release|x64.ActiveCfg = Release|Any CPU
		{26F46E8F-0D69-4A1B-85A4-64BCB56B649D}.Release|x64.Build.0 = Release|Any CPU
		{26F46E8F-0D69-4A1B-85A4-64BCB56B649D}.Release|x86.ActiveCfg = Release|Any CPU
		{26F46E8F-0D69-4A1B-85A4-64BCB56B649D}.Release|x86.Build.0 = Release|Any CPU
		{A7A1FDB0-020A-44FA-8203-2281506F70CC}.Debug|Any CPU.ActiveCfg = Debug|Any CPU
		{A7A1FDB0-020A-44FA-8203-2281506F70CC}.Debug|Any CPU.Build.0 = Debug|Any CPU
		{A7A1FDB0-020A-44FA-8203-2281506F70CC}.Debug|x64.ActiveCfg = Debug|Any CPU
		{A7A1FDB0-020A-44FA-8203-2281506F70CC}.Debug|x64.Build.0 = Debug|Any CPU
		{A7A1FDB0-020A-44FA-8203-2281506F70CC}.Debug|x86.ActiveCfg = Debug|Any CPU
		{A7A1FDB0-020A-44FA-8203-2281506F70CC}.Debug|x86.Build.0 = Debug|Any CPU
		{A7A1FDB0-020A-44FA-8203-2281506F70CC}.Release|Any CPU.ActiveCfg = Release|Any CPU
		{A7A1FDB0-020A-44FA-8203-2281506F70CC}.Release|Any CPU.Build.0 = Release|Any CPU
		{A7A1FDB0-020A-44FA-8203-2281506F70CC}.Release|x64.ActiveCfg = Release|Any CPU
		{A7A1FDB0-020A-44FA-8203-2281506F70CC}.Release|x64.Build.0 = Release|Any CPU
		{A7A1FDB0-020A-44FA-8203-2281506F70CC}.Release|x86.ActiveCfg = Release|Any CPU
		{A7A1FDB0-020A-44FA-8203-2281506F70CC}.Release|x86.Build.0 = Release|Any CPU
		{5EBAE841-F1B2-48D8-8804-544D7B0E78F6}.Debug|Any CPU.ActiveCfg = Debug|Any CPU
		{5EBAE841-F1B2-48D8-8804-544D7B0E78F6}.Debug|Any CPU.Build.0 = Debug|Any CPU
		{5EBAE841-F1B2-48D8-8804-544D7B0E78F6}.Debug|x64.ActiveCfg = Debug|Any CPU
		{5EBAE841-F1B2-48D8-8804-544D7B0E78F6}.Debug|x64.Build.0 = Debug|Any CPU
		{5EBAE841-F1B2-48D8-8804-544D7B0E78F6}.Debug|x86.ActiveCfg = Debug|Any CPU
		{5EBAE841-F1B2-48D8-8804-544D7B0E78F6}.Debug|x86.Build.0 = Debug|Any CPU
		{5EBAE841-F1B2-48D8-8804-544D7B0E78F6}.Release|Any CPU.ActiveCfg = Release|Any CPU
		{5EBAE841-F1B2-48D8-8804-544D7B0E78F6}.Release|Any CPU.Build.0 = Release|Any CPU
		{5EBAE841-F1B2-48D8-8804-544D7B0E78F6}.Release|x64.ActiveCfg = Release|Any CPU
		{5EBAE841-F1B2-48D8-8804-544D7B0E78F6}.Release|x64.Build.0 = Release|Any CPU
		{5EBAE841-F1B2-48D8-8804-544D7B0E78F6}.Release|x86.ActiveCfg = Release|Any CPU
		{5EBAE841-F1B2-48D8-8804-544D7B0E78F6}.Release|x86.Build.0 = Release|Any CPU
	EndGlobalSection
	GlobalSection(SolutionProperties) = preSolution
		HideSolutionNode = FALSE
	EndGlobalSection
	GlobalSection(ExtensibilityGlobals) = postSolution
		SolutionGuid = {2DACBDE2-8261-4445-99B0-8AAF3965FAE9}
	EndGlobalSection
EndGlobal
