
Microsoft Visual Studio Solution File, Format Version 12.00
# Visual Studio Version 16
VisualStudioVersion = 16.6.30114.105
MinimumVisualStudioVersion = 10.0.40219.1
Project("{6EC3EE1D-3C4E-46DD-8F32-0CC8E7565705}") = "WordValues.Azure", "WordValues.Azure\WordValues.Azure.fsproj", "{0D4C8C26-1E5A-4785-8053-FB479D0027E6}"
EndProject
Project("{6EC3EE1D-3C4E-46DD-8F32-0CC8E7565705}") = "WordValues.Azure.Tests", "WordValues.Azure.Tests\WordValues.Azure.Tests.fsproj", "{691B604A-F5E6-41A2-B13B-F2CD5463CF7E}"
EndProject
Project("{6EC3EE1D-3C4E-46DD-8F32-0CC8E7565705}") = "Deployment", "Deployment\Deployment.fsproj", "{59701097-CED8-4D16-A6B5-BC39E7CCA2A1}"
EndProject
Project("{6EC3EE1D-3C4E-46DD-8F32-0CC8E7565705}") = "WordValues", "WordValues\WordValues.fsproj", "{D7ADA403-74DF-425E-9108-83BEF8539779}"
EndProject
Project("{6EC3EE1D-3C4E-46DD-8F32-0CC8E7565705}") = "WordValues.Tests", "WordValues.Tests\WordValues.Tests.fsproj", "{3443F634-B556-4948-8507-D64557811D08}"
EndProject
Project("{6EC3EE1D-3C4E-46DD-8F32-0CC8E7565705}") = "Deployment.Tests", "Deployment.Tests\Deployment.Tests.fsproj", "{26F46E8F-0D69-4A1B-85A4-64BCB56B649D}"
EndProject
Global
	GlobalSection(SolutionConfigurationPlatforms) = preSolution
		Debug|Any CPU = Debug|Any CPU
		Debug|x64 = Debug|x64
		Debug|x86 = Debug|x86
		Release|Any CPU = Release|Any CPU
		Release|x64 = Release|x64
		Release|x86 = Release|x86
	EndGlobalSection
	GlobalSection(ProjectConfigurationPlatforms) = postSolution
		{0D4C8C26-1E5A-4785-8053-FB479D0027E6}.Debug|Any CPU.ActiveCfg = Debug|Any CPU
		{0D4C8C26-1E5A-4785-8053-FB479D0027E6}.Debug|Any CPU.Build.0 = Debug|Any CPU
		{0D4C8C26-1E5A-4785-8053-FB479D0027E6}.Debug|x64.ActiveCfg = Debug|Any CPU
		{0D4C8C26-1E5A-4785-8053-FB479D0027E6}.Debug|x64.Build.0 = Debug|Any CPU
		{0D4C8C26-1E5A-4785-8053-FB479D0027E6}.Debug|x86.ActiveCfg = Debug|Any CPU
		{0D4C8C26-1E5A-4785-8053-FB479D0027E6}.Debug|x86.Build.0 = Debug|Any CPU
		{0D4C8C26-1E5A-4785-8053-FB479D0027E6}.Release|Any CPU.ActiveCfg = Release|Any CPU
		{0D4C8C26-1E5A-4785-8053-FB479D0027E6}.Release|Any CPU.Build.0 = Release|Any CPU
		{0D4C8C26-1E5A-4785-8053-FB479D0027E6}.Release|x64.ActiveCfg = Release|Any CPU
		{0D4C8C26-1E5A-4785-8053-FB479D0027E6}.Release|x64.Build.0 = Release|Any CPU
		{0D4C8C26-1E5A-4785-8053-FB479D0027E6}.Release|x86.ActiveCfg = Release|Any CPU
		{0D4C8C26-1E5A-4785-8053-FB479D0027E6}.Release|x86.Build.0 = Release|Any CPU
		{691B604A-F5E6-41A2-B13B-F2CD5463CF7E}.Debug|Any CPU.ActiveCfg = Debug|Any CPU
		{691B604A-F5E6-41A2-B13B-F2CD5463CF7E}.Debug|Any CPU.Build.0 = Debug|Any CPU
		{691B604A-F5E6-41A2-B13B-F2CD5463CF7E}.Debug|x64.ActiveCfg = Debug|Any CPU
		{691B604A-F5E6-41A2-B13B-F2CD5463CF7E}.Debug|x64.Build.0 = Debug|Any CPU
		{691B604A-F5E6-41A2-B13B-F2CD5463CF7E}.Debug|x86.ActiveCfg = Debug|Any CPU
		{691B604A-F5E6-41A2-B13B-F2CD5463CF7E}.Debug|x86.Build.0 = Debug|Any CPU
		{691B604A-F5E6-41A2-B13B-F2CD5463CF7E}.Release|Any CPU.ActiveCfg = Release|Any CPU
		{691B604A-F5E6-41A2-B13B-F2CD5463CF7E}.Release|Any CPU.Build.0 = Release|Any CPU
		{691B604A-F5E6-41A2-B13B-F2CD5463CF7E}.Release|x64.ActiveCfg = Release|Any CPU
		{691B604A-F5E6-41A2-B13B-F2CD5463CF7E}.Release|x64.Build.0 = Release|Any CPU
		{691B604A-F5E6-41A2-B13B-F2CD5463CF7E}.Release|x86.ActiveCfg = Release|Any CPU
		{691B604A-F5E6-41A2-B13B-F2CD5463CF7E}.Release|x86.Build.0 = Release|Any CPU
		{59701097-CED8-4D16-A6B5-BC39E7CCA2A1}.Debug|Any CPU.ActiveCfg = Debug|Any CPU
		{59701097-CED8-4D16-A6B5-BC39E7CCA2A1}.Debug|Any CPU.Build.0 = Debug|Any CPU
		{59701097-CED8-4D16-A6B5-BC39E7CCA2A1}.Debug|x64.ActiveCfg = Debug|Any CPU
		{59701097-CED8-4D16-A6B5-BC39E7CCA2A1}.Debug|x64.Build.0 = Debug|Any CPU
		{59701097-CED8-4D16-A6B5-BC39E7CCA2A1}.Debug|x86.ActiveCfg = Debug|Any CPU
		{59701097-CED8-4D16-A6B5-BC39E7CCA2A1}.Debug|x86.Build.0 = Debug|Any CPU
		{59701097-CED8-4D16-A6B5-BC39E7CCA2A1}.Release|Any CPU.ActiveCfg = Release|Any CPU
		{59701097-CED8-4D16-A6B5-BC39E7CCA2A1}.Release|Any CPU.Build.0 = Release|Any CPU
		{59701097-CED8-4D16-A6B5-BC39E7CCA2A1}.Release|x64.ActiveCfg = Release|Any CPU
		{59701097-CED8-4D16-A6B5-BC39E7CCA2A1}.Release|x64.Build.0 = Release|Any CPU
		{59701097-CED8-4D16-A6B5-BC39E7CCA2A1}.Release|x86.ActiveCfg = Release|Any CPU
		{59701097-CED8-4D16-A6B5-BC39E7CCA2A1}.Release|x86.Build.0 = Release|Any CPU
		{D7ADA403-74DF-425E-9108-83BEF8539779}.Debug|Any CPU.ActiveCfg = Debug|Any CPU
		{D7ADA403-74DF-425E-9108-83BEF8539779}.Debug|Any CPU.Build.0 = Debug|Any CPU
		{D7ADA403-74DF-425E-9108-83BEF8539779}.Debug|x64.ActiveCfg = Debug|Any CPU
		{D7ADA403-74DF-425E-9108-83BEF8539779}.Debug|x64.Build.0 = Debug|Any CPU
		{D7ADA403-74DF-425E-9108-83BEF8539779}.Debug|x86.ActiveCfg = Debug|Any CPU
		{D7ADA403-74DF-425E-9108-83BEF8539779}.Debug|x86.Build.0 = Debug|Any CPU
		{D7ADA403-74DF-425E-9108-83BEF8539779}.Release|Any CPU.ActiveCfg = Release|Any CPU
		{D7ADA403-74DF-425E-9108-83BEF8539779}.Release|Any CPU.Build.0 = Release|Any CPU
		{D7ADA403-74DF-425E-9108-83BEF8539779}.Release|x64.ActiveCfg = Release|Any CPU
		{D7ADA403-74DF-425E-9108-83BEF8539779}.Release|x64.Build.0 = Release|Any CPU
		{D7ADA403-74DF-425E-9108-83BEF8539779}.Release|x86.ActiveCfg = Release|Any CPU
		{D7ADA403-74DF-425E-9108-83BEF8539779}.Release|x86.Build.0 = Release|Any CPU
		{3443F634-B556-4948-8507-D64557811D08}.Debug|Any CPU.ActiveCfg = Debug|Any CPU
		{3443F634-B556-4948-8507-D64557811D08}.Debug|Any CPU.Build.0 = Debug|Any CPU
		{3443F634-B556-4948-8507-D64557811D08}.Debug|x64.ActiveCfg = Debug|Any CPU
		{3443F634-B556-4948-8507-D64557811D08}.Debug|x64.Build.0 = Debug|Any CPU
		{3443F634-B556-4948-8507-D64557811D08}.Debug|x86.ActiveCfg = Debug|Any CPU
		{3443F634-B556-4948-8507-D64557811D08}.Debug|x86.Build.0 = Debug|Any CPU
		{3443F634-B556-4948-8507-D64557811D08}.Release|Any CPU.ActiveCfg = Release|Any CPU
		{3443F634-B556-4948-8507-D64557811D08}.Release|Any CPU.Build.0 = Release|Any CPU
		{3443F634-B556-4948-8507-D64557811D08}.Release|x64.ActiveCfg = Release|Any CPU
		{3443F634-B556-4948-8507-D64557811D08}.Release|x64.Build.0 = Release|Any CPU
		{3443F634-B556-4948-8507-D64557811D08}.Release|x86.ActiveCfg = Release|Any CPU
		{3443F634-B556-4948-8507-D64557811D08}.Release|x86.Build.0 = Release|Any CPU
		{26F46E8F-0D69-4A1B-85A4-64BCB56B649D}.Debug|Any CPU.ActiveCfg = Debug|Any CPU
		{26F46E8F-0D69-4A1B-85A4-64BCB56B649D}.Debug|Any CPU.Build.0 = Debug|Any CPU
		{26F46E8F-0D69-4A1B-85A4-64BCB56B649D}.Debug|x64.ActiveCfg = Debug|Any CPU
		{26F46E8F-0D69-4A1B-85A4-64BCB56B649D}.Debug|x64.Build.0 = Debug|Any CPU
		{26F46E8F-0D69-4A1B-85A4-64BCB56B649D}.Debug|x86.ActiveCfg = Debug|Any CPU
		{26F46E8F-0D69-4A1B-85A4-64BCB56B649D}.Debug|x86.Build.0 = Debug|Any CPU
		{26F46E8F-0D69-4A1B-85A4-64BCB56B649D}.Release|Any CPU.ActiveCfg = Release|Any CPU
		{26F46E8F-0D69-4A1B-85A4-64BCB56B649D}.Release|Any CPU.Build.0 = Release|Any CPU
		{26F46E8F-0D69-4A1B-85A4-64BCB56B649D}.Release|x64.ActiveCfg = Release|Any CPU
		{26F46E8F-0D69-4A1B-85A4-64BCB56B649D}.Release|x64.Build.0 = Release|Any CPU
		{26F46E8F-0D69-4A1B-85A4-64BCB56B649D}.Release|x86.ActiveCfg = Release|Any CPU
		{26F46E8F-0D69-4A1B-85A4-64BCB56B649D}.Release|x86.Build.0 = Release|Any CPU
	EndGlobalSection
	GlobalSection(SolutionProperties) = preSolution
		HideSolutionNode = FALSE
	EndGlobalSection
	GlobalSection(ExtensibilityGlobals) = postSolution
		SolutionGuid = {2DACBDE2-8261-4445-99B0-8AAF3965FAE9}
	EndGlobalSection
EndGlobal
